
Microsoft Visual Studio Solution File, Format Version 12.00
# Visual Studio Version 17
VisualStudioVersion = 17.4.33213.308
MinimumVisualStudioVersion = 10.0.40219.1
Project("{FAE04EC0-301F-11D3-BF4B-00C04F79EFBC}") = "condicional", "condicional\condicional.csproj", "{9E9E9AD3-3477-416F-9D3B-DB70CD34EB7E}"
EndProject
Global
	GlobalSection(SolutionConfigurationPlatforms) = preSolution
		Debug|Any CPU = Debug|Any CPU
		Release|Any CPU = Release|Any CPU
	EndGlobalSection
	GlobalSection(ProjectConfigurationPlatforms) = postSolution
		{9E9E9AD3-3477-416F-9D3B-DB70CD34EB7E}.Debug|Any CPU.ActiveCfg = Debug|Any CPU
		{9E9E9AD3-3477-416F-9D3B-DB70CD34EB7E}.Debug|Any CPU.Build.0 = Debug|Any CPU
		{9E9E9AD3-3477-416F-9D3B-DB70CD34EB7E}.Release|Any CPU.ActiveCfg = Release|Any CPU
		{9E9E9AD3-3477-416F-9D3B-DB70CD34EB7E}.Release|Any CPU.Build.0 = Release|Any CPU
	EndGlobalSection
	GlobalSection(SolutionProperties) = preSolution
		HideSolutionNode = FALSE
	EndGlobalSection
	GlobalSection(ExtensibilityGlobals) = postSolution
		SolutionGuid = {339136B7-55B1-4FCE-A285-15BAF4D96D76}
	EndGlobalSection
EndGlobal
