
Microsoft Visual Studio Solution File, Format Version 12.00
# Visual Studio Version 17
VisualStudioVersion = 17.5.33516.290
MinimumVisualStudioVersion = 10.0.40219.1
Project("{FAE04EC0-301F-11D3-BF4B-00C04F79EFBC}") = "beecrowd_1366", "beecrowd_1366\beecrowd_1366.csproj", "{9F3BB6A2-FCEF-40A2-8FB9-CD09B948A275}"
EndProject
Global
	GlobalSection(SolutionConfigurationPlatforms) = preSolution
		Debug|Any CPU = Debug|Any CPU
		Release|Any CPU = Release|Any CPU
	EndGlobalSection
	GlobalSection(ProjectConfigurationPlatforms) = postSolution
		{9F3BB6A2-FCEF-40A2-8FB9-CD09B948A275}.Debug|Any CPU.ActiveCfg = Debug|Any CPU
		{9F3BB6A2-FCEF-40A2-8FB9-CD09B948A275}.Debug|Any CPU.Build.0 = Debug|Any CPU
		{9F3BB6A2-FCEF-40A2-8FB9-CD09B948A275}.Release|Any CPU.ActiveCfg = Release|Any CPU
		{9F3BB6A2-FCEF-40A2-8FB9-CD09B948A275}.Release|Any CPU.Build.0 = Release|Any CPU
	EndGlobalSection
	GlobalSection(SolutionProperties) = preSolution
		HideSolutionNode = FALSE
	EndGlobalSection
	GlobalSection(ExtensibilityGlobals) = postSolution
		SolutionGuid = {45458BDE-9E4C-418B-8142-8EB4549A92EE}
	EndGlobalSection
EndGlobal
