
Microsoft Visual Studio Solution File, Format Version 12.00
# Visual Studio Version 17
VisualStudioVersion = 17.5.33516.290
MinimumVisualStudioVersion = 10.0.40219.1
Project("{FAE04EC0-301F-11D3-BF4B-00C04F79EFBC}") = "beecrowd_1052", "beecrowd_1052\beecrowd_1052.csproj", "{C5A21696-B801-4DBC-B497-405960DE08E7}"
EndProject
Global
	GlobalSection(SolutionConfigurationPlatforms) = preSolution
		Debug|Any CPU = Debug|Any CPU
		Release|Any CPU = Release|Any CPU
	EndGlobalSection
	GlobalSection(ProjectConfigurationPlatforms) = postSolution
		{C5A21696-B801-4DBC-B497-405960DE08E7}.Debug|Any CPU.ActiveCfg = Debug|Any CPU
		{C5A21696-B801-4DBC-B497-405960DE08E7}.Debug|Any CPU.Build.0 = Debug|Any CPU
		{C5A21696-B801-4DBC-B497-405960DE08E7}.Release|Any CPU.ActiveCfg = Release|Any CPU
		{C5A21696-B801-4DBC-B497-405960DE08E7}.Release|Any CPU.Build.0 = Release|Any CPU
	EndGlobalSection
	GlobalSection(SolutionProperties) = preSolution
		HideSolutionNode = FALSE
	EndGlobalSection
	GlobalSection(ExtensibilityGlobals) = postSolution
		SolutionGuid = {D6FB88F4-674E-4893-947E-0F636971B39A}
	EndGlobalSection
EndGlobal
