
Microsoft Visual Studio Solution File, Format Version 12.00
# Visual Studio Version 17
VisualStudioVersion = 17.4.33403.182
MinimumVisualStudioVersion = 10.0.40219.1
Project("{FAE04EC0-301F-11D3-BF4B-00C04F79EFBC}") = "EditorHTML", "EditorHTML\EditorHTML.csproj", "{DAE1D83C-4618-465D-AB00-63C7E609D777}"
EndProject
Global
	GlobalSection(SolutionConfigurationPlatforms) = preSolution
		Debug|Any CPU = Debug|Any CPU
		Release|Any CPU = Release|Any CPU
	EndGlobalSection
	GlobalSection(ProjectConfigurationPlatforms) = postSolution
		{DAE1D83C-4618-465D-AB00-63C7E609D777}.Debug|Any CPU.ActiveCfg = Debug|Any CPU
		{DAE1D83C-4618-465D-AB00-63C7E609D777}.Debug|Any CPU.Build.0 = Debug|Any CPU
		{DAE1D83C-4618-465D-AB00-63C7E609D777}.Release|Any CPU.ActiveCfg = Release|Any CPU
		{DAE1D83C-4618-465D-AB00-63C7E609D777}.Release|Any CPU.Build.0 = Release|Any CPU
	EndGlobalSection
	GlobalSection(SolutionProperties) = preSolution
		HideSolutionNode = FALSE
	EndGlobalSection
	GlobalSection(ExtensibilityGlobals) = postSolution
		SolutionGuid = {2F246E87-A084-40B2-9225-0F56FB86C759}
	EndGlobalSection
EndGlobal
