
Microsoft Visual Studio Solution File, Format Version 12.00
# Visual Studio Version 17
VisualStudioVersion = 17.4.33213.308
MinimumVisualStudioVersion = 10.0.40219.1
Project("{FAE04EC0-301F-11D3-BF4B-00C04F79EFBC}") = "combateRPG", "combateRPG\combateRPG.csproj", "{FE279414-4ECF-400B-B520-06DB61EF2BCD}"
EndProject
Global
	GlobalSection(SolutionConfigurationPlatforms) = preSolution
		Debug|Any CPU = Debug|Any CPU
		Release|Any CPU = Release|Any CPU
	EndGlobalSection
	GlobalSection(ProjectConfigurationPlatforms) = postSolution
		{FE279414-4ECF-400B-B520-06DB61EF2BCD}.Debug|Any CPU.ActiveCfg = Debug|Any CPU
		{FE279414-4ECF-400B-B520-06DB61EF2BCD}.Debug|Any CPU.Build.0 = Debug|Any CPU
		{FE279414-4ECF-400B-B520-06DB61EF2BCD}.Release|Any CPU.ActiveCfg = Release|Any CPU
		{FE279414-4ECF-400B-B520-06DB61EF2BCD}.Release|Any CPU.Build.0 = Release|Any CPU
	EndGlobalSection
	GlobalSection(SolutionProperties) = preSolution
		HideSolutionNode = FALSE
	EndGlobalSection
	GlobalSection(ExtensibilityGlobals) = postSolution
		SolutionGuid = {9911CD46-11C4-46D3-B117-2499CF6258F5}
	EndGlobalSection
EndGlobal
