
Microsoft Visual Studio Solution File, Format Version 12.00
# Visual Studio Version 17
VisualStudioVersion = 17.5.33516.290
MinimumVisualStudioVersion = 10.0.40219.1
Project("{FAE04EC0-301F-11D3-BF4B-00C04F79EFBC}") = "beecrowd_1176", "beecrowd_1176\beecrowd_1176.csproj", "{580C4E42-0028-41A1-AACB-D7A6E6A2C869}"
EndProject
Global
	GlobalSection(SolutionConfigurationPlatforms) = preSolution
		Debug|Any CPU = Debug|Any CPU
		Release|Any CPU = Release|Any CPU
	EndGlobalSection
	GlobalSection(ProjectConfigurationPlatforms) = postSolution
		{580C4E42-0028-41A1-AACB-D7A6E6A2C869}.Debug|Any CPU.ActiveCfg = Debug|Any CPU
		{580C4E42-0028-41A1-AACB-D7A6E6A2C869}.Debug|Any CPU.Build.0 = Debug|Any CPU
		{580C4E42-0028-41A1-AACB-D7A6E6A2C869}.Release|Any CPU.ActiveCfg = Release|Any CPU
		{580C4E42-0028-41A1-AACB-D7A6E6A2C869}.Release|Any CPU.Build.0 = Release|Any CPU
	EndGlobalSection
	GlobalSection(SolutionProperties) = preSolution
		HideSolutionNode = FALSE
	EndGlobalSection
	GlobalSection(ExtensibilityGlobals) = postSolution
		SolutionGuid = {92342111-8E1F-4660-B395-49C3A1356EB4}
	EndGlobalSection
EndGlobal
