
Microsoft Visual Studio Solution File, Format Version 12.00
# Visual Studio Version 17
VisualStudioVersion = 17.4.33403.182
MinimumVisualStudioVersion = 10.0.40219.1
Project("{FAE04EC0-301F-11D3-BF4B-00C04F79EFBC}") = "Revisao", "Revisao\Revisao.csproj", "{C82DB489-E8D1-4349-B191-0AFFAF79CBA5}"
EndProject
Global
	GlobalSection(SolutionConfigurationPlatforms) = preSolution
		Debug|Any CPU = Debug|Any CPU
		Release|Any CPU = Release|Any CPU
	EndGlobalSection
	GlobalSection(ProjectConfigurationPlatforms) = postSolution
		{C82DB489-E8D1-4349-B191-0AFFAF79CBA5}.Debug|Any CPU.ActiveCfg = Debug|Any CPU
		{C82DB489-E8D1-4349-B191-0AFFAF79CBA5}.Debug|Any CPU.Build.0 = Debug|Any CPU
		{C82DB489-E8D1-4349-B191-0AFFAF79CBA5}.Release|Any CPU.ActiveCfg = Release|Any CPU
		{C82DB489-E8D1-4349-B191-0AFFAF79CBA5}.Release|Any CPU.Build.0 = Release|Any CPU
	EndGlobalSection
	GlobalSection(SolutionProperties) = preSolution
		HideSolutionNode = FALSE
	EndGlobalSection
	GlobalSection(ExtensibilityGlobals) = postSolution
		SolutionGuid = {A8B1BBC1-0E47-4795-8FD9-FA87AAEC38C6}
	EndGlobalSection
EndGlobal
